
Microsoft Visual Studio Solution File, Format Version 12.00
# Visual Studio Version 17
VisualStudioVersion = 17.9.34728.123
MinimumVisualStudioVersion = 10.0.40219.1
Project("{FAE04EC0-301F-11D3-BF4B-00C04F79EFBC}") = "alura1", "alura1\alura1.csproj", "{338D591F-FAB5-435A-8AAA-361B51C7E016}"
EndProject
Global
	GlobalSection(SolutionConfigurationPlatforms) = preSolution
		Debug|Any CPU = Debug|Any CPU
		Release|Any CPU = Release|Any CPU
	EndGlobalSection
	GlobalSection(ProjectConfigurationPlatforms) = postSolution
		{338D591F-FAB5-435A-8AAA-361B51C7E016}.Debug|Any CPU.ActiveCfg = Debug|Any CPU
		{338D591F-FAB5-435A-8AAA-361B51C7E016}.Debug|Any CPU.Build.0 = Debug|Any CPU
		{338D591F-FAB5-435A-8AAA-361B51C7E016}.Release|Any CPU.ActiveCfg = Release|Any CPU
		{338D591F-FAB5-435A-8AAA-361B51C7E016}.Release|Any CPU.Build.0 = Release|Any CPU
	EndGlobalSection
	GlobalSection(SolutionProperties) = preSolution
		HideSolutionNode = FALSE
	EndGlobalSection
	GlobalSection(ExtensibilityGlobals) = postSolution
		SolutionGuid = {FA0AC1CB-24F9-46E4-917B-1062E1495D1F}
	EndGlobalSection
EndGlobal
